
Microsoft Visual Studio Solution File, Format Version 12.00
# Visual Studio Version 17
VisualStudioVersion = 17.13.35919.96
MinimumVisualStudioVersion = 10.0.40219.1
Project("{FAE04EC0-301F-11D3-BF4B-00C04F79EFBC}") = "TpPromoWeb_equipo-10A", "TpPromoWeb_equipo-10A\TpPromoWeb_equipo-10A.csproj", "{E35B4460-DA3D-461D-8A75-18D98D146C84}"
EndProject
Project("{FAE04EC0-301F-11D3-BF4B-00C04F79EFBC}") = "Dominio", "Dominio\Dominio.csproj", "{05E6D00D-C5B5-4D89-9D56-65AC5333DAAD}"
EndProject
Project("{FAE04EC0-301F-11D3-BF4B-00C04F79EFBC}") = "Negocio", "Negocio\Negocio.csproj", "{6E440E6E-50EB-419E-9AE3-EEF035E11772}"
EndProject
Global
	GlobalSection(SolutionConfigurationPlatforms) = preSolution
		Debug|Any CPU = Debug|Any CPU
		Release|Any CPU = Release|Any CPU
	EndGlobalSection
	GlobalSection(ProjectConfigurationPlatforms) = postSolution
		{E35B4460-DA3D-461D-8A75-18D98D146C84}.Debug|Any CPU.ActiveCfg = Debug|Any CPU
		{E35B4460-DA3D-461D-8A75-18D98D146C84}.Debug|Any CPU.Build.0 = Debug|Any CPU
		{E35B4460-DA3D-461D-8A75-18D98D146C84}.Release|Any CPU.ActiveCfg = Release|Any CPU
		{E35B4460-DA3D-461D-8A75-18D98D146C84}.Release|Any CPU.Build.0 = Release|Any CPU
		{05E6D00D-C5B5-4D89-9D56-65AC5333DAAD}.Debug|Any CPU.ActiveCfg = Debug|Any CPU
		{05E6D00D-C5B5-4D89-9D56-65AC5333DAAD}.Debug|Any CPU.Build.0 = Debug|Any CPU
		{05E6D00D-C5B5-4D89-9D56-65AC5333DAAD}.Release|Any CPU.ActiveCfg = Release|Any CPU
		{05E6D00D-C5B5-4D89-9D56-65AC5333DAAD}.Release|Any CPU.Build.0 = Release|Any CPU
		{6E440E6E-50EB-419E-9AE3-EEF035E11772}.Debug|Any CPU.ActiveCfg = Debug|Any CPU
		{6E440E6E-50EB-419E-9AE3-EEF035E11772}.Debug|Any CPU.Build.0 = Debug|Any CPU
		{6E440E6E-50EB-419E-9AE3-EEF035E11772}.Release|Any CPU.ActiveCfg = Release|Any CPU
		{6E440E6E-50EB-419E-9AE3-EEF035E11772}.Release|Any CPU.Build.0 = Release|Any CPU
	EndGlobalSection
	GlobalSection(SolutionProperties) = preSolution
		HideSolutionNode = FALSE
	EndGlobalSection
	GlobalSection(ExtensibilityGlobals) = postSolution
		SolutionGuid = {606C4EC1-8E06-4AF4-A452-8C05876C8663}
	EndGlobalSection
EndGlobal
